# THIS IS AN AUTOGENERATED FILE. DO NOT EDIT THIS FILE DIRECTLY.
# yarn lockfile v1


argparse@^1.0.7:
  version "1.0.9"
  resolved "https://registry.yarnpkg.com/argparse/-/argparse-1.0.9.tgz#73d83bc263f86e97f8cc4f6bae1b0e90a7d22c86"
  dependencies:
    sprintf-js "~1.0.2"

clone@^2.1.0:
  version "2.1.1"
  resolved "https://registry.yarnpkg.com/clone/-/clone-2.1.1.tgz#d217d1e961118e3ac9a4b8bba3285553bf647cdb"

entities@~1.1.1:
  version "1.1.1"
  resolved "https://registry.yarnpkg.com/entities/-/entities-1.1.1.tgz#6e5c2d0a5621b5dadaecef80b90edfb5cd7772f0"

katex@^0.6.0:
  version "0.6.0"
  resolved "https://registry.yarnpkg.com/katex/-/katex-0.6.0.tgz#12418e09121c05c92041b6b3b9fb6bab213cb6f3"
  dependencies:
    match-at "^0.1.0"

linkify-it@~1.2.2:
  version "1.2.4"
  resolved "https://registry.yarnpkg.com/linkify-it/-/linkify-it-1.2.4.tgz#0773526c317c8fd13bd534ee1d180ff88abf881a"
  dependencies:
    uc.micro "^1.0.1"

markdown-it-abbr@^1.0.3:
  version "1.0.4"
  resolved "https://registry.yarnpkg.com/markdown-it-abbr/-/markdown-it-abbr-1.0.4.tgz#d66b5364521cbb3dd8aa59dadfba2fb6865c8fd8"

markdown-it-deflist@^2.0.1:
  version "2.0.1"
  resolved "https://registry.yarnpkg.com/markdown-it-deflist/-/markdown-it-deflist-2.0.1.tgz#4d174a83e4f48ea370021acf28b6a2c3c2fa3f6a"

markdown-it-emoji@^1.1.1:
  version "1.3.0"
  resolved "https://registry.yarnpkg.com/markdown-it-emoji/-/markdown-it-emoji-1.3.0.tgz#903ae1a9968c3f17d4e142f115d4ec575e56d2cb"

markdown-it-footnote@^2.0.0:
  version "2.0.0"
  resolved "https://registry.yarnpkg.com/markdown-it-footnote/-/markdown-it-footnote-2.0.0.tgz#14e9c4f68ff12cf354fa365ae378276e8104ca94"

markdown-it-ins@^2.0.0:
  version "2.0.0"
  resolved "https://registry.yarnpkg.com/markdown-it-ins/-/markdown-it-ins-2.0.0.tgz#a5aa6a30f1e2f71e9497567cfdff40f1fde67483"

markdown-it-katex@^2.0.3:
  version "2.0.3"
  resolved "https://registry.yarnpkg.com/markdown-it-katex/-/markdown-it-katex-2.0.3.tgz#d7b86a1aea0b9d6496fab4e7919a18fdef589c39"
  dependencies:
    katex "^0.6.0"

markdown-it-mark@^2.0.0:
  version "2.0.0"
  resolved "https://registry.yarnpkg.com/markdown-it-mark/-/markdown-it-mark-2.0.0.tgz#46a1aa947105aed8188978e0a016179e404f42c7"

markdown-it-sub@^1.0.0:
  version "1.0.0"
  resolved "https://registry.yarnpkg.com/markdown-it-sub/-/markdown-it-sub-1.0.0.tgz#375fd6026eae7ddcb012497f6411195ea1e3afe8"

markdown-it-sup@^1.0.0:
  version "1.0.0"
  resolved "https://registry.yarnpkg.com/markdown-it-sup/-/markdown-it-sup-1.0.0.tgz#cb9c9ff91a5255ac08f3fd3d63286e15df0a1fc3"

markdown-it-toc-and-anchor@^4.1.1:
  version "4.1.2"
  resolved "https://registry.yarnpkg.com/markdown-it-toc-and-anchor/-/markdown-it-toc-and-anchor-4.1.2.tgz#b271f694a70bf719e6b728056d7bd931d364214d"
  dependencies:
    clone "^2.1.0"
    uslug "^1.0.4"

markdown-it@^6.0.1:
  version "6.1.1"
  resolved "https://registry.yarnpkg.com/markdown-it/-/markdown-it-6.1.1.tgz#ced037f4473ee9f5153ac414f77dc83c91ba927c"
  dependencies:
    argparse "^1.0.7"
    entities "~1.1.1"
    linkify-it "~1.2.2"
    mdurl "~1.0.1"
    uc.micro "^1.0.1"

match-at@^0.1.0:
  version "0.1.0"
  resolved "https://registry.yarnpkg.com/match-at/-/match-at-0.1.0.tgz#f561e7709ff9a105b85cc62c6b8ee7c15bf24f31"

mdurl@~1.0.1:
  version "1.0.1"
  resolved "https://registry.yarnpkg.com/mdurl/-/mdurl-1.0.1.tgz#fe85b2ec75a59037f2adfec100fd6c601761152e"

sprintf-js@~1.0.2:
  version "1.0.3"
  resolved "https://registry.yarnpkg.com/sprintf-js/-/sprintf-js-1.0.3.tgz#04e6926f662895354f3dd015203633b857297e2c"

uc.micro@^1.0.1:
  version "1.0.3"
  resolved "https://registry.yarnpkg.com/uc.micro/-/uc.micro-1.0.3.tgz#7ed50d5e0f9a9fb0a573379259f2a77458d50192"

"unorm@>= 1.0.0":
  version "1.4.1"
  resolved "https://registry.yarnpkg.com/unorm/-/unorm-1.4.1.tgz#364200d5f13646ca8bcd44490271335614792300"

uslug@^1.0.4:
  version "1.0.4"
  resolved "https://registry.yarnpkg.com/uslug/-/uslug-1.0.4.tgz#b9a22f0914e0a86140633dacc302e5f4fa450677"
  dependencies:
    unorm ">= 1.0.0"

vue-markdown@^2.1.3:
  version "2.1.3"
  resolved "https://registry.yarnpkg.com/vue-markdown/-/vue-markdown-2.1.3.tgz#9e02b295e7f044feaab82fe0e4706bece98c6cb3"
  dependencies:
    markdown-it "^6.0.1"
    markdown-it-abbr "^1.0.3"
    markdown-it-deflist "^2.0.1"
    markdown-it-emoji "^1.1.1"
    markdown-it-footnote "^2.0.0"
    markdown-it-ins "^2.0.0"
    markdown-it-katex "^2.0.3"
    markdown-it-mark "^2.0.0"
    markdown-it-sub "^1.0.0"
    markdown-it-sup "^1.0.0"
    markdown-it-toc-and-anchor "^4.1.1"
